// !$*UTF8*$!
{
	archiveVersion = 1;
	classes = {
	};
	objectVersion = 50;
	objects = {

/* Begin PBXBuildFile section */
		0A35F92023A6F68700308FFD /* ChainLinkMesh.swift in Sources */ = {isa = PBXBuildFile; fileRef = 0A35F91F23A6F68700308FFD /* ChainLinkMesh.swift */; };
		0A77C4E7239CB27B004A02A4 /* AppDelegate.swift in Sources */ = {isa = PBXBuildFile; fileRef = 0A77C4E6239CB27B004A02A4 /* AppDelegate.swift */; };
		0A77C4EB239CB27B004A02A4 /* ViewController.swift in Sources */ = {isa = PBXBuildFile; fileRef = 0A77C4EA239CB27B004A02A4 /* ViewController.swift */; };
		0A77C4F0239CB27C004A02A4 /* Assets.xcassets in Resources */ = {isa = PBXBuildFile; fileRef = 0A77C4EF239CB27C004A02A4 /* Assets.xcassets */; };
		0A77C4F3239CB27C004A02A4 /* LaunchScreen.storyboard in Resources */ = {isa = PBXBuildFile; fileRef = 0A77C4F1239CB27C004A02A4 /* LaunchScreen.storyboard */; };
		0A77C4FB239CB728004A02A4 /* MetalView.swift in Sources */ = {isa = PBXBuildFile; fileRef = 0A77C4FA239CB728004A02A4 /* MetalView.swift */; };
		0A77C4FD239CB780004A02A4 /* UIView+KevinLayout.swift in Sources */ = {isa = PBXBuildFile; fileRef = 0A77C4FC239CB780004A02A4 /* UIView+KevinLayout.swift */; };
		0A77C500239D52AC004A02A4 /* Renderer.swift in Sources */ = {isa = PBXBuildFile; fileRef = 0A77C4FF239D52AC004A02A4 /* Renderer.swift */; };
		0A77C502239D553B004A02A4 /* Chains.metal in Sources */ = {isa = PBXBuildFile; fileRef = 0A77C501239D553B004A02A4 /* Chains.metal */; };
		0A77C504239DFAC2004A02A4 /* .gitignore in Resources */ = {isa = PBXBuildFile; fileRef = 0A77C503239DFAC2004A02A4 /* .gitignore */; };
		0A77C50A239EA084004A02A4 /* TriangleVertexEncodable.swift in Sources */ = {isa = PBXBuildFile; fileRef = 0A77C509239EA084004A02A4 /* TriangleVertexEncodable.swift */; };
		0AD5E7A223A02B7C0099D248 /* TorusMesh.swift in Sources */ = {isa = PBXBuildFile; fileRef = 0AD5E7A123A02B7C0099D248 /* TorusMesh.swift */; };
/* End PBXBuildFile section */

/* Begin PBXFileReference section */
		0A35F91F23A6F68700308FFD /* ChainLinkMesh.swift */ = {isa = PBXFileReference; lastKnownFileType = sourcecode.swift; path = ChainLinkMesh.swift; sourceTree = "<group>"; };
		0A77C4E3239CB27B004A02A4 /* ChainsMetal.app */ = {isa = PBXFileReference; explicitFileType = wrapper.application; includeInIndex = 0; path = ChainsMetal.app; sourceTree = BUILT_PRODUCTS_DIR; };
		0A77C4E6239CB27B004A02A4 /* AppDelegate.swift */ = {isa = PBXFileReference; lastKnownFileType = sourcecode.swift; path = AppDelegate.swift; sourceTree = "<group>"; };
		0A77C4EA239CB27B004A02A4 /* ViewController.swift */ = {isa = PBXFileReference; lastKnownFileType = sourcecode.swift; path = ViewController.swift; sourceTree = "<group>"; };
		0A77C4EF239CB27C004A02A4 /* Assets.xcassets */ = {isa = PBXFileReference; lastKnownFileType = folder.assetcatalog; path = Assets.xcassets; sourceTree = "<group>"; };
		0A77C4F2239CB27C004A02A4 /* Base */ = {isa = PBXFileReference; lastKnownFileType = file.storyboard; name = Base; path = Base.lproj/LaunchScreen.storyboard; sourceTree = "<group>"; };
		0A77C4F4239CB27C004A02A4 /* Info.plist */ = {isa = PBXFileReference; lastKnownFileType = text.plist.xml; path = Info.plist; sourceTree = "<group>"; };
		0A77C4FA239CB728004A02A4 /* MetalView.swift */ = {isa = PBXFileReference; lastKnownFileType = sourcecode.swift; path = MetalView.swift; sourceTree = "<group>"; };
		0A77C4FC239CB780004A02A4 /* UIView+KevinLayout.swift */ = {isa = PBXFileReference; lastKnownFileType = sourcecode.swift; path = "UIView+KevinLayout.swift"; sourceTree = "<group>"; };
		0A77C4FF239D52AC004A02A4 /* Renderer.swift */ = {isa = PBXFileReference; lastKnownFileType = sourcecode.swift; path = Renderer.swift; sourceTree = "<group>"; };
		0A77C501239D553B004A02A4 /* Chains.metal */ = {isa = PBXFileReference; lastKnownFileType = sourcecode.metal; path = Chains.metal; sourceTree = "<group>"; };
		0A77C503239DFAC2004A02A4 /* .gitignore */ = {isa = PBXFileReference; lastKnownFileType = text; path = .gitignore; sourceTree = "<group>"; };
		0A77C509239EA084004A02A4 /* TriangleVertexEncodable.swift */ = {isa = PBXFileReference; lastKnownFileType = sourcecode.swift; path = TriangleVertexEncodable.swift; sourceTree = "<group>"; };
		0AD5E7A123A02B7C0099D248 /* TorusMesh.swift */ = {isa = PBXFileReference; lastKnownFileType = sourcecode.swift; path = TorusMesh.swift; sourceTree = "<group>"; };
/* End PBXFileReference section */

/* Begin PBXFrameworksBuildPhase section */
		0A77C4E0239CB27B004A02A4 /* Frameworks */ = {
			isa = PBXFrameworksBuildPhase;
			buildActionMask = 2147483647;
			files = (
			);
			runOnlyForDeploymentPostprocessing = 0;
		};
/* End PBXFrameworksBuildPhase section */

/* Begin PBXGroup section */
		0A77C4DA239CB27B004A02A4 = {
			isa = PBXGroup;
			children = (
				0A77C503239DFAC2004A02A4 /* .gitignore */,
				0A77C4E5239CB27B004A02A4 /* ChainsMetal */,
				0A77C4E4239CB27B004A02A4 /* Products */,
			);
			sourceTree = "<group>";
		};
		0A77C4E4239CB27B004A02A4 /* Products */ = {
			isa = PBXGroup;
			children = (
				0A77C4E3239CB27B004A02A4 /* ChainsMetal.app */,
			);
			name = Products;
			sourceTree = "<group>";
		};
		0A77C4E5239CB27B004A02A4 /* ChainsMetal */ = {
			isa = PBXGroup;
			children = (
				0A77C4E6239CB27B004A02A4 /* AppDelegate.swift */,
				0A77C4EA239CB27B004A02A4 /* ViewController.swift */,
				0A77C4FA239CB728004A02A4 /* MetalView.swift */,
				0A77C4FC239CB780004A02A4 /* UIView+KevinLayout.swift */,
				0A77C4FF239D52AC004A02A4 /* Renderer.swift */,
				0A77C501239D553B004A02A4 /* Chains.metal */,
				0A77C509239EA084004A02A4 /* TriangleVertexEncodable.swift */,
				0AD5E7A123A02B7C0099D248 /* TorusMesh.swift */,
				0A35F91F23A6F68700308FFD /* ChainLinkMesh.swift */,
				0A77C4EF239CB27C004A02A4 /* Assets.xcassets */,
				0A77C4F1239CB27C004A02A4 /* LaunchScreen.storyboard */,
				0A77C4F4239CB27C004A02A4 /* Info.plist */,
			);
			path = ChainsMetal;
			sourceTree = "<group>";
		};
/* End PBXGroup section */

/* Begin PBXNativeTarget section */
		0A77C4E2239CB27B004A02A4 /* ChainsMetal */ = {
			isa = PBXNativeTarget;
			buildConfigurationList = 0A77C4F7239CB27C004A02A4 /* Build configuration list for PBXNativeTarget "ChainsMetal" */;
			buildPhases = (
				0A77C4DF239CB27B004A02A4 /* Sources */,
				0A77C4E0239CB27B004A02A4 /* Frameworks */,
				0A77C4E1239CB27B004A02A4 /* Resources */,
			);
			buildRules = (
			);
			dependencies = (
			);
			name = ChainsMetal;
			productName = ChainsMetal;
			productReference = 0A77C4E3239CB27B004A02A4 /* ChainsMetal.app */;
			productType = "com.apple.product-type.application";
		};
/* End PBXNativeTarget section */

/* Begin PBXProject section */
		0A77C4DB239CB27B004A02A4 /* Project object */ = {
			isa = PBXProject;
			attributes = {
				LastSwiftUpdateCheck = 1120;
				LastUpgradeCheck = 1120;
				ORGANIZATIONNAME = heptarex;
				TargetAttributes = {
					0A77C4E2239CB27B004A02A4 = {
						CreatedOnToolsVersion = 11.2.1;
					};
				};
			};
			buildConfigurationList = 0A77C4DE239CB27B004A02A4 /* Build configuration list for PBXProject "ChainsMetal" */;
			compatibilityVersion = "Xcode 9.3";
			developmentRegion = en;
			hasScannedForEncodings = 0;
			knownRegions = (
				en,
				Base,
			);
			mainGroup = 0A77C4DA239CB27B004A02A4;
			productRefGroup = 0A77C4E4239CB27B004A02A4 /* Products */;
			projectDirPath = "";
			projectRoot = "";
			targets = (
				0A77C4E2239CB27B004A02A4 /* ChainsMetal */,
			);
		};
/* End PBXProject section */

/* Begin PBXResourcesBuildPhase section */
		0A77C4E1239CB27B004A02A4 /* Resources */ = {
			isa = PBXResourcesBuildPhase;
			buildActionMask = 2147483647;
			files = (
				0A77C4F3239CB27C004A02A4 /* LaunchScreen.storyboard in Resources */,
				0A77C504239DFAC2004A02A4 /* .gitignore in Resources */,
				0A77C4F0239CB27C004A02A4 /* Assets.xcassets in Resources */,
			);
			runOnlyForDeploymentPostprocessing = 0;
		};
/* End PBXResourcesBuildPhase section */

/* Begin PBXSourcesBuildPhase section */
		0A77C4DF239CB27B004A02A4 /* Sources */ = {
			isa = PBXSourcesBuildPhase;
			buildActionMask = 2147483647;
			files = (
				0A77C4FB239CB728004A02A4 /* MetalView.swift in Sources */,
				0A77C4EB239CB27B004A02A4 /* ViewController.swift in Sources */,
				0A77C4FD239CB780004A02A4 /* UIView+KevinLayout.swift in Sources */,
				0A77C502239D553B004A02A4 /* Chains.metal in Sources */,
				0A77C500239D52AC004A02A4 /* Renderer.swift in Sources */,
				0AD5E7A223A02B7C0099D248 /* TorusMesh.swift in Sources */,
				0A77C4E7239CB27B004A02A4 /* AppDelegate.swift in Sources */,
				0A35F92023A6F68700308FFD /* ChainLinkMesh.swift in Sources */,
				0A77C50A239EA084004A02A4 /* TriangleVertexEncodable.swift in Sources */,
			);
			runOnlyForDeploymentPostprocessing = 0;
		};
/* End PBXSourcesBuildPhase section */

/* Begin PBXVariantGroup section */
		0A77C4F1239CB27C004A02A4 /* LaunchScreen.storyboard */ = {
			isa = PBXVariantGroup;
			children = (
				0A77C4F2239CB27C004A02A4 /* Base */,
			);
			name = LaunchScreen.storyboard;
			sourceTree = "<group>";
		};
/* End PBXVariantGroup section */

/* Begin XCBuildConfiguration section */
		0A77C4F5239CB27C004A02A4 /* Debug */ = {
			isa = XCBuildConfiguration;
			buildSettings = {
				ALWAYS_SEARCH_USER_PATHS = NO;
				CLANG_ANALYZER_NONNULL = YES;
				CLANG_ANALYZER_NUMBER_OBJECT_CONVERSION = YES_AGGRESSIVE;
				CLANG_CXX_LANGUAGE_STANDARD = "gnu++14";
				CLANG_CXX_LIBRARY = "libc++";
				CLANG_ENABLE_MODULES = YES;
				CLANG_ENABLE_OBJC_ARC = YES;
				CLANG_ENABLE_OBJC_WEAK = YES;
				CLANG_WARN_BLOCK_CAPTURE_AUTORELEASING = YES;
				CLANG_WARN_BOOL_CONVERSION = YES;
				CLANG_WARN_COMMA = YES;
				CLANG_WARN_CONSTANT_CONVERSION = YES;
				CLANG_WARN_DEPRECATED_OBJC_IMPLEMENTATIONS = YES;
				CLANG_WARN_DIRECT_OBJC_ISA_USAGE = YES_ERROR;
				CLANG_WARN_DOCUMENTATION_COMMENTS = YES;
				CLANG_WARN_EMPTY_BODY = YES;
				CLANG_WARN_ENUM_CONVERSION = YES;
				CLANG_WARN_INFINITE_RECURSION = YES;
				CLANG_WARN_INT_CONVERSION = YES;
				CLANG_WARN_NON_LITERAL_NULL_CONVERSION = YES;
				CLANG_WARN_OBJC_IMPLICIT_RETAIN_SELF = YES;
				CLANG_WARN_OBJC_LITERAL_CONVERSION = YES;
				CLANG_WARN_OBJC_ROOT_CLASS = YES_ERROR;
				CLANG_WARN_RANGE_LOOP_ANALYSIS = YES;
				CLANG_WARN_STRICT_PROTOTYPES = YES;
				CLANG_WARN_SUSPICIOUS_MOVE = YES;
				CLANG_WARN_UNGUARDED_AVAILABILITY = YES_AGGRESSIVE;
				CLANG_WARN_UNREACHABLE_CODE = YES;
				CLANG_WARN__DUPLICATE_METHOD_MATCH = YES;
				COPY_PHASE_STRIP = NO;
				DEBUG_INFORMATION_FORMAT = dwarf;
				ENABLE_STRICT_OBJC_MSGSEND = YES;
				ENABLE_TESTABILITY = YES;
				GCC_C_LANGUAGE_STANDARD = gnu11;
				GCC_DYNAMIC_NO_PIC = NO;
				GCC_NO_COMMON_BLOCKS = YES;
				GCC_OPTIMIZATION_LEVEL = 0;
				GCC_PREPROCESSOR_DEFINITIONS = (
					"DEBUG=1",
					"$(inherited)",
				);
				GCC_WARN_64_TO_32_BIT_CONVERSION = YES;
				GCC_WARN_ABOUT_RETURN_TYPE = YES_ERROR;
				GCC_WARN_UNDECLARED_SELECTOR = YES;
				GCC_WARN_UNINITIALIZED_AUTOS = YES_AGGRESSIVE;
				GCC_WARN_UNUSED_FUNCTION = YES;
				GCC_WARN_UNUSED_VARIABLE = YES;
				IPHONEOS_DEPLOYMENT_TARGET = 13.1;
				MTL_ENABLE_DEBUG_INFO = INCLUDE_SOURCE;
				MTL_FAST_MATH = YES;
				ONLY_ACTIVE_ARCH = YES;
				SDKROOT = iphoneos;
				SWIFT_ACTIVE_COMPILATION_CONDITIONS = DEBUG;
				SWIFT_OPTIMIZATION_LEVEL = "-Onone";
			};
			name = Debug;
		};
		0A77C4F6239CB27C004A02A4 /* Release */ = {
			isa = XCBuildConfiguration;
			buildSettings = {
				ALWAYS_SEARCH_USER_PATHS = NO;
				CLANG_ANALYZER_NONNULL = YES;
				CLANG_ANALYZER_NUMBER_OBJECT_CONVERSION = YES_AGGRESSIVE;
				CLANG_CXX_LANGUAGE_STANDARD = "gnu++14";
				CLANG_CXX_LIBRARY = "libc++";
				CLANG_ENABLE_MODULES = YES;
				CLANG_ENABLE_OBJC_ARC = YES;
				CLANG_ENABLE_OBJC_WEAK = YES;
				CLANG_WARN_BLOCK_CAPTURE_AUTORELEASING = YES;
				CLANG_WARN_BOOL_CONVERSION = YES;
				CLANG_WARN_COMMA = YES;
				CLANG_WARN_CONSTANT_CONVERSION = YES;
				CLANG_WARN_DEPRECATED_OBJC_IMPLEMENTATIONS = YES;
				CLANG_WARN_DIRECT_OBJC_ISA_USAGE = YES_ERROR;
				CLANG_WARN_DOCUMENTATION_COMMENTS = YES;
				CLANG_WARN_EMPTY_BODY = YES;
				CLANG_WARN_ENUM_CONVERSION = YES;
				CLANG_WARN_INFINITE_RECURSION = YES;
				CLANG_WARN_INT_CONVERSION = YES;
				CLANG_WARN_NON_LITERAL_NULL_CONVERSION = YES;
				CLANG_WARN_OBJC_IMPLICIT_RETAIN_SELF = YES;
				CLANG_WARN_OBJC_LITERAL_CONVERSION = YES;
				CLANG_WARN_OBJC_ROOT_CLASS = YES_ERROR;
				CLANG_WARN_RANGE_LOOP_ANALYSIS = YES;
				CLANG_WARN_STRICT_PROTOTYPES = YES;
				CLANG_WARN_SUSPICIOUS_MOVE = YES;
				CLANG_WARN_UNGUARDED_AVAILABILITY = YES_AGGRESSIVE;
				CLANG_WARN_UNREACHABLE_CODE = YES;
				CLANG_WARN__DUPLICATE_METHOD_MATCH = YES;
				COPY_PHASE_STRIP = NO;
				DEBUG_INFORMATION_FORMAT = "dwarf-with-dsym";
				ENABLE_NS_ASSERTIONS = NO;
				ENABLE_STRICT_OBJC_MSGSEND = YES;
				GCC_C_LANGUAGE_STANDARD = gnu11;
				GCC_NO_COMMON_BLOCKS = YES;
				GCC_WARN_64_TO_32_BIT_CONVERSION = YES;
				GCC_WARN_ABOUT_RETURN_TYPE = YES_ERROR;
				GCC_WARN_UNDECLARED_SELECTOR = YES;
				GCC_WARN_UNINITIALIZED_AUTOS = YES_AGGRESSIVE;
				GCC_WARN_UNUSED_FUNCTION = YES;
				GCC_WARN_UNUSED_VARIABLE = YES;
				IPHONEOS_DEPLOYMENT_TARGET = 13.1;
				MTL_ENABLE_DEBUG_INFO = NO;
				MTL_FAST_MATH = YES;
				SDKROOT = iphoneos;
				SWIFT_COMPILATION_MODE = wholemodule;
				SWIFT_OPTIMIZATION_LEVEL = "-O";
				VALIDATE_PRODUCT = YES;
			};
			name = Release;
		};
		0A77C4F8239CB27C004A02A4 /* Debug */ = {
			isa = XCBuildConfiguration;
			buildSettings = {
				ASSETCATALOG_COMPILER_APPICON_NAME = AppIcon;
				CODE_SIGN_STYLE = Automatic;
				DEVELOPMENT_TEAM = JGJC2NGW6L;
				INFOPLIST_FILE = ChainsMetal/Info.plist;
				LD_RUNPATH_SEARCH_PATHS = (
					"$(inherited)",
					"@executable_path/Frameworks",
				);
				PRODUCT_BUNDLE_IDENTIFIER = com.heptarex.ChainsMetal;
				PRODUCT_NAME = "$(TARGET_NAME)";
				SWIFT_VERSION = 5.0;
				TARGETED_DEVICE_FAMILY = "1,2";
			};
			name = Debug;
		};
		0A77C4F9239CB27C004A02A4 /* Release */ = {
			isa = XCBuildConfiguration;
			buildSettings = {
				ASSETCATALOG_COMPILER_APPICON_NAME = AppIcon;
				CODE_SIGN_STYLE = Automatic;
				DEVELOPMENT_TEAM = JGJC2NGW6L;
				INFOPLIST_FILE = ChainsMetal/Info.plist;
				LD_RUNPATH_SEARCH_PATHS = (
					"$(inherited)",
					"@executable_path/Frameworks",
				);
				PRODUCT_BUNDLE_IDENTIFIER = com.heptarex.ChainsMetal;
				PRODUCT_NAME = "$(TARGET_NAME)";
				SWIFT_VERSION = 5.0;
				TARGETED_DEVICE_FAMILY = "1,2";
			};
			name = Release;
		};
/* End XCBuildConfiguration section */

/* Begin XCConfigurationList section */
		0A77C4DE239CB27B004A02A4 /* Build configuration list for PBXProject "ChainsMetal" */ = {
			isa = XCConfigurationList;
			buildConfigurations = (
				0A77C4F5239CB27C004A02A4 /* Debug */,
				0A77C4F6239CB27C004A02A4 /* Release */,
			);
			defaultConfigurationIsVisible = 0;
			defaultConfigurationName = Release;
		};
		0A77C4F7239CB27C004A02A4 /* Build configuration list for PBXNativeTarget "ChainsMetal" */ = {
			isa = XCConfigurationList;
			buildConfigurations = (
				0A77C4F8239CB27C004A02A4 /* Debug */,
				0A77C4F9239CB27C004A02A4 /* Release */,
			);
			defaultConfigurationIsVisible = 0;
			defaultConfigurationName = Release;
		};
/* End XCConfigurationList section */
	};
	rootObject = 0A77C4DB239CB27B004A02A4 /* Project object */;
}
